
Microsoft Visual Studio Solution File, Format Version 12.00
# Visual Studio Version 16
VisualStudioVersion = 16.0.29905.134
MinimumVisualStudioVersion = 10.0.40219.1
Project("{FAE04EC0-301F-11D3-BF4B-00C04F79EFBC}") = "PosicaoEstoque", "PosicaoEstoque\PosicaoEstoque.csproj", "{5E12DF43-B228-46B6-B2D6-A45B6750AB2B}"
EndProject
Project("{FAE04EC0-301F-11D3-BF4B-00C04F79EFBC}") = "Conexao", "Conexao\Conexao.csproj", "{EA8D9E0C-525F-4C83-A695-EB186EC745DC}"
EndProject
Project("{54435603-DBB4-11D2-8724-00A0C9A8B90C}") = "Instalador", "Instalador\Instalador.vdproj", "{AE2B5DCF-2FBD-404E-86A3-08E92B9DBA83}"
EndProject
Global
	GlobalSection(SolutionConfigurationPlatforms) = preSolution
		Debug|Any CPU = Debug|Any CPU
		Release|Any CPU = Release|Any CPU
	EndGlobalSection
	GlobalSection(ProjectConfigurationPlatforms) = postSolution
		{5E12DF43-B228-46B6-B2D6-A45B6750AB2B}.Debug|Any CPU.ActiveCfg = Debug|Any CPU
		{5E12DF43-B228-46B6-B2D6-A45B6750AB2B}.Debug|Any CPU.Build.0 = Debug|Any CPU
		{5E12DF43-B228-46B6-B2D6-A45B6750AB2B}.Release|Any CPU.ActiveCfg = Release|Any CPU
		{5E12DF43-B228-46B6-B2D6-A45B6750AB2B}.Release|Any CPU.Build.0 = Release|Any CPU
		{EA8D9E0C-525F-4C83-A695-EB186EC745DC}.Debug|Any CPU.ActiveCfg = Debug|Any CPU
		{EA8D9E0C-525F-4C83-A695-EB186EC745DC}.Debug|Any CPU.Build.0 = Debug|Any CPU
		{EA8D9E0C-525F-4C83-A695-EB186EC745DC}.Release|Any CPU.ActiveCfg = Release|Any CPU
		{EA8D9E0C-525F-4C83-A695-EB186EC745DC}.Release|Any CPU.Build.0 = Release|Any CPU
		{AE2B5DCF-2FBD-404E-86A3-08E92B9DBA83}.Debug|Any CPU.ActiveCfg = Debug
		{AE2B5DCF-2FBD-404E-86A3-08E92B9DBA83}.Release|Any CPU.ActiveCfg = Release
	EndGlobalSection
	GlobalSection(SolutionProperties) = preSolution
		HideSolutionNode = FALSE
	EndGlobalSection
	GlobalSection(ExtensibilityGlobals) = postSolution
		SolutionGuid = {08F75653-B395-4BA7-B5C2-FA8ECA1EC831}
	EndGlobalSection
EndGlobal
